// !$*UTF8*$!
{
    archiveVersion = 1;
    classes = {};
    objectVersion = 46;
    rootObject = __RootObject_;
    objects = {
        __RootObject_ = {
            isa = PBXProject;
            attributes = {LastUpgradeCheck = 9999;};
            buildConfigurationList = ___RootConfs_;
            compatibilityVersion = 'Xcode 3.2';
            developmentRegion = English;
            hasScannedForEncodings = 0;
            knownRegions = (en);
            mainGroup = ___RootGroup_;
            productRefGroup = ____Products_;
            projectDirPath = '';
            projectRoot = '';
            targets = (______Target_Diff, ______Target_DiffTestSuite);
        };
        ___RootGroup_ = {
            isa = PBXGroup;
            children = (_____Sources_, _______Tests_, ____Products_);
            sourceTree = '<group>';
        };
        _______Group_Diff = {
            isa = PBXGroup;
            name = Diff;
            path = 'Sources';
            sourceTree = '<group>';
            children = ('__PBXFileRef_Sources/Diff.swift', '__PBXFileRef_Sources/Patch.swift');
        };
        '__PBXFileRef_Sources/Diff.swift' = {
            isa = PBXFileReference;
            lastKnownFileType = sourcecode.swift;
            name = 'Diff.swift';
            sourceTree = '<group>';
        };
        '__PBXFileRef_Sources/Patch.swift' = {
            isa = PBXFileReference;
            lastKnownFileType = sourcecode.swift;
            name = 'Patch.swift';
            sourceTree = '<group>';
        };
        ______Target_Diff = {
            isa = PBXNativeTarget;
            buildConfigurationList = _______Confs_Diff;
            buildPhases = (CompilePhase_Diff, ___LinkPhase_Diff);
            buildRules = ();
            dependencies = ();
            name = Diff;
            productName = Diff;
            productReference = _____Product_Diff;
            productType = 'com.apple.product-type.library.dynamic';
        };
        _____Product_Diff = {
            isa = PBXFileReference;
            explicitFileType = 'compiled.mach-o.dylib';
            path = 'Diff.dylib';
            sourceTree = BUILT_PRODUCTS_DIR;
        };
        CompilePhase_Diff = {
            isa = PBXSourcesBuildPhase;
            files = ('__src_cc_ref_Sources/Diff.swift', '__src_cc_ref_Sources/Patch.swift');
            runOnlyForDeploymentPostprocessing = 0;
        };
        ___LinkPhase_Diff = {
            isa = PBXFrameworksBuildPhase;
            files = ();
            runOnlyForDeploymentPostprocessing = 0;
        };
        '__src_cc_ref_Sources/Diff.swift' = {
            isa = PBXBuildFile;
            fileRef = '__PBXFileRef_Sources/Diff.swift';
        };
        '__src_cc_ref_Sources/Patch.swift' = {
            isa = PBXBuildFile;
            fileRef = '__PBXFileRef_Sources/Patch.swift';
        };
        _LinkFileRef_Diff = {
            isa = PBXBuildFile;
            fileRef = _____Product_Diff;
        };
        _______Confs_Diff = {
            isa = XCConfigurationList;
            buildConfigurations = (___DebugConf_Diff);
            defaultConfigurationIsVisible = 0;
            defaultConfigurationName = Debug;
        };
        ___DebugConf_Diff = {
            isa = XCBuildConfiguration;
            buildSettings = { DYLIB_INSTALL_NAME_BASE = '$(CONFIGURATION_BUILD_DIR)'; LD_RUNPATH_SEARCH_PATHS = '/Users/wczekalski/Documents/Work/Swift/build/Ninja-DebugAssert/usr/lib/swift/macosx'; PRODUCT_MODULE_NAME = Diff; ENABLE_TESTABILITY = YES; SWIFT_OPTIMIZATION_LEVEL = -Onone; COMBINE_HIDPI_IMAGES = YES; OTHER_SWIFT_FLAGS = -DXcode; MACOSX_DEPLOYMENT_TARGET = '10.10'; PRODUCT_NAME = 'lib$(TARGET_NAME)'; };
            name = Debug;
        };
        __Dependency_Diff = {
            isa = PBXTargetDependency;
            target = ______Target_Diff;
        };
        _______Group_DiffTestSuite = {
            isa = PBXGroup;
            name = Diff.testsuite;
            path = 'Tests/Diff';
            sourceTree = '<group>';
            children = ('__PBXFileRef_Tests/Diff/DiffTests.swift');
        };
        '__PBXFileRef_Tests/Diff/DiffTests.swift' = {
            isa = PBXFileReference;
            lastKnownFileType = sourcecode.swift;
            name = 'DiffTests.swift';
            sourceTree = '<group>';
        };
        ______Target_DiffTestSuite = {
            isa = PBXNativeTarget;
            buildConfigurationList = _______Confs_DiffTestSuite;
            buildPhases = (CompilePhase_DiffTestSuite, ___LinkPhase_DiffTestSuite);
            buildRules = ();
            dependencies = (__Dependency_Diff);
            name = Diff.testsuite;
            productName = DiffTestSuite;
            productReference = _____Product_DiffTestSuite;
            productType = 'com.apple.product-type.bundle.unit-test';
        };
        _____Product_DiffTestSuite = {
            isa = PBXFileReference;
            explicitFileType = 'compiled.mach-o.wrapper.cfbundle';
            path = 'DiffTestSuite.xctest';
            sourceTree = BUILT_PRODUCTS_DIR;
        };
        CompilePhase_DiffTestSuite = {
            isa = PBXSourcesBuildPhase;
            files = ('__src_cc_ref_Tests/Diff/DiffTests.swift');
            runOnlyForDeploymentPostprocessing = 0;
        };
        ___LinkPhase_DiffTestSuite = {
            isa = PBXFrameworksBuildPhase;
            files = (_LinkFileRef_Diff);
            runOnlyForDeploymentPostprocessing = 0;
        };
        '__src_cc_ref_Tests/Diff/DiffTests.swift' = {
            isa = PBXBuildFile;
            fileRef = '__PBXFileRef_Tests/Diff/DiffTests.swift';
        };
        _LinkFileRef_DiffTestSuite = {
            isa = PBXBuildFile;
            fileRef = _____Product_DiffTestSuite;
        };
        _______Confs_DiffTestSuite = {
            isa = XCConfigurationList;
            buildConfigurations = (___DebugConf_DiffTestSuite);
            defaultConfigurationIsVisible = 0;
            defaultConfigurationName = Debug;
        };
        ___DebugConf_DiffTestSuite = {
            isa = XCBuildConfiguration;
            buildSettings = { LD_RUNPATH_SEARCH_PATHS = '@loader_path/../Frameworks'; PRODUCT_MODULE_NAME = DiffTestSuite; SWIFT_OPTIMIZATION_LEVEL = -Onone; COMBINE_HIDPI_IMAGES = YES; OTHER_SWIFT_FLAGS = -DXcode; MACOSX_DEPLOYMENT_TARGET = '10.10'; EMBEDDED_CONTENT_CONTAINS_SWIFT = YES; PRODUCT_NAME = '$(TARGET_NAME)'; };
            name = Debug;
        };
        __Dependency_DiffTestSuite = {
            isa = PBXTargetDependency;
            target = ______Target_DiffTestSuite;
        };
        _____Sources_ = {
            isa = PBXGroup;
            children = (_______Group_Diff);
            name = Sources;
            sourceTree = '<group>';
        };
        _______Tests_ = {
            isa = PBXGroup;
            children = (_______Group_DiffTestSuite);
            name = Tests;
            sourceTree = '<group>';
        };
        _______Tests_ = {
            isa = PBXGroup;
            children = (_______Group_DiffTestSuite);
            name = Tests;
            sourceTree = '<group>';
        };
       TestProducts_ = {
            isa = PBXGroup;
            children = (_____Product_DiffTestSuite);
            name = Tests;
            sourceTree = '<group>';
        };
        ____Products_ = {
            isa = PBXGroup;
            children = (TestProducts_, _____Product_Diff);
            name = Products;
            sourceTree = '<group>';
        };
        _______Debug_ = {
            isa = XCBuildConfiguration;
            buildSettings = {};
            name = Debug;
        };
        ___RootConfs_ = {
            isa = XCConfigurationList;
            buildConfigurations = (_______Debug_);
            defaultConfigurationIsVisible = 0;
            defaultConfigurationName = Debug;
        };
    };
}
