// !$*UTF8*$!
{
	archiveVersion = 1;
	classes = {
	};
	objectVersion = 46;
	objects = {

/* Begin PBXBuildFile section */
		9098C1781F6FE89700026404 /* Differ.framework in Frameworks */ = {isa = PBXBuildFile; fileRef = 9098C1721F6FE88500026404 /* Differ.framework */; };
		9098C1791F6FE89700026404 /* Differ.framework in CopyFiles */ = {isa = PBXBuildFile; fileRef = 9098C1721F6FE88500026404 /* Differ.framework */; settings = {ATTRIBUTES = (CodeSignOnCopy, RemoveHeadersOnCopy, ); }; };
		C9278AB61DE31362009CE846 /* AppDelegate.swift in Sources */ = {isa = PBXBuildFile; fileRef = C9278AB51DE31362009CE846 /* AppDelegate.swift */; };
		C9278AB81DE31362009CE846 /* TableViewController.swift in Sources */ = {isa = PBXBuildFile; fileRef = C9278AB71DE31362009CE846 /* TableViewController.swift */; };
		C9278ABD1DE31362009CE846 /* Main.storyboard in Resources */ = {isa = PBXBuildFile; fileRef = C9278ABB1DE31362009CE846 /* Main.storyboard */; };
		C9278ABF1DE31362009CE846 /* Assets.xcassets in Resources */ = {isa = PBXBuildFile; fileRef = C9278ABE1DE31362009CE846 /* Assets.xcassets */; };
		C9278AC21DE31362009CE846 /* LaunchScreen.storyboard in Resources */ = {isa = PBXBuildFile; fileRef = C9278AC01DE31362009CE846 /* LaunchScreen.storyboard */; };
		C93448FF1E195C570035E956 /* NestedTableViewController.swift in Sources */ = {isa = PBXBuildFile; fileRef = C93448FE1E195C570035E956 /* NestedTableViewController.swift */; };
/* End PBXBuildFile section */

/* Begin PBXContainerItemProxy section */
		9098C1711F6FE88500026404 /* PBXContainerItemProxy */ = {
			isa = PBXContainerItemProxy;
			containerPortal = C9278AC91DE323F6009CE846 /* Differ.xcodeproj */;
			proxyType = 2;
			remoteGlobalIDString = C9EE87161CCFCA83006BD90E;
			remoteInfo = Differ;
		};
		9098C1731F6FE88500026404 /* PBXContainerItemProxy */ = {
			isa = PBXContainerItemProxy;
			containerPortal = C9278AC91DE323F6009CE846 /* Differ.xcodeproj */;
			proxyType = 2;
			remoteGlobalIDString = C9838FF11D29571000691BE8;
			remoteInfo = DifferTests;
		};
		9098C17A1F6FE89700026404 /* PBXContainerItemProxy */ = {
			isa = PBXContainerItemProxy;
			containerPortal = C9278AC91DE323F6009CE846 /* Differ.xcodeproj */;
			proxyType = 1;
			remoteGlobalIDString = C9EE87151CCFCA83006BD90E;
			remoteInfo = Differ;
		};
/* End PBXContainerItemProxy section */

/* Begin PBXCopyFilesBuildPhase section */
		C9278AD71DE32424009CE846 /* CopyFiles */ = {
			isa = PBXCopyFilesBuildPhase;
			buildActionMask = 2147483647;
			dstPath = "";
			dstSubfolderSpec = 10;
			files = (
				9098C1791F6FE89700026404 /* Differ.framework in CopyFiles */,
			);
			runOnlyForDeploymentPostprocessing = 0;
		};
/* End PBXCopyFilesBuildPhase section */

/* Begin PBXFileReference section */
		C9278AB21DE31362009CE846 /* TableViewExample.app */ = {isa = PBXFileReference; explicitFileType = wrapper.application; includeInIndex = 0; path = TableViewExample.app; sourceTree = BUILT_PRODUCTS_DIR; };
		C9278AB51DE31362009CE846 /* AppDelegate.swift */ = {isa = PBXFileReference; lastKnownFileType = sourcecode.swift; path = AppDelegate.swift; sourceTree = "<group>"; };
		C9278AB71DE31362009CE846 /* TableViewController.swift */ = {isa = PBXFileReference; lastKnownFileType = sourcecode.swift; path = TableViewController.swift; sourceTree = "<group>"; };
		C9278ABC1DE31362009CE846 /* Base */ = {isa = PBXFileReference; lastKnownFileType = file.storyboard; name = Base; path = Base.lproj/Main.storyboard; sourceTree = "<group>"; };
		C9278ABE1DE31362009CE846 /* Assets.xcassets */ = {isa = PBXFileReference; lastKnownFileType = folder.assetcatalog; path = Assets.xcassets; sourceTree = "<group>"; };
		C9278AC11DE31362009CE846 /* Base */ = {isa = PBXFileReference; lastKnownFileType = file.storyboard; name = Base; path = Base.lproj/LaunchScreen.storyboard; sourceTree = "<group>"; };
		C9278AC31DE31362009CE846 /* Info.plist */ = {isa = PBXFileReference; lastKnownFileType = text.plist.xml; path = Info.plist; sourceTree = "<group>"; };
		C9278AC91DE323F6009CE846 /* Differ.xcodeproj */ = {isa = PBXFileReference; lastKnownFileType = "wrapper.pb-project"; name = Differ.xcodeproj; path = ../../Differ.xcodeproj; sourceTree = "<group>"; };
		C93448FE1E195C570035E956 /* NestedTableViewController.swift */ = {isa = PBXFileReference; fileEncoding = 4; lastKnownFileType = sourcecode.swift; path = NestedTableViewController.swift; sourceTree = "<group>"; };
/* End PBXFileReference section */

/* Begin PBXFrameworksBuildPhase section */
		C9278AAF1DE31362009CE846 /* Frameworks */ = {
			isa = PBXFrameworksBuildPhase;
			buildActionMask = 2147483647;
			files = (
				9098C1781F6FE89700026404 /* Differ.framework in Frameworks */,
			);
			runOnlyForDeploymentPostprocessing = 0;
		};
/* End PBXFrameworksBuildPhase section */

/* Begin PBXGroup section */
		9098C16D1F6FE88500026404 /* Products */ = {
			isa = PBXGroup;
			children = (
				9098C1721F6FE88500026404 /* Differ.framework */,
				9098C1741F6FE88500026404 /* DifferTests.xctest */,
			);
			name = Products;
			sourceTree = "<group>";
		};
		C9278AA91DE31361009CE846 = {
			isa = PBXGroup;
			children = (
				C9278AC91DE323F6009CE846 /* Differ.xcodeproj */,
				C9278AB41DE31362009CE846 /* TableViewExample */,
				C9278AB31DE31362009CE846 /* Products */,
			);
			sourceTree = "<group>";
		};
		C9278AB31DE31362009CE846 /* Products */ = {
			isa = PBXGroup;
			children = (
				C9278AB21DE31362009CE846 /* TableViewExample.app */,
			);
			name = Products;
			sourceTree = "<group>";
		};
		C9278AB41DE31362009CE846 /* TableViewExample */ = {
			isa = PBXGroup;
			children = (
				C9278AB51DE31362009CE846 /* AppDelegate.swift */,
				C9278AB71DE31362009CE846 /* TableViewController.swift */,
				C93448FE1E195C570035E956 /* NestedTableViewController.swift */,
				C9278ABB1DE31362009CE846 /* Main.storyboard */,
				C9278ABE1DE31362009CE846 /* Assets.xcassets */,
				C9278AC01DE31362009CE846 /* LaunchScreen.storyboard */,
				C9278AC31DE31362009CE846 /* Info.plist */,
			);
			path = TableViewExample;
			sourceTree = "<group>";
		};
/* End PBXGroup section */

/* Begin PBXNativeTarget section */
		C9278AB11DE31362009CE846 /* TableViewExample */ = {
			isa = PBXNativeTarget;
			buildConfigurationList = C9278AC61DE31362009CE846 /* Build configuration list for PBXNativeTarget "TableViewExample" */;
			buildPhases = (
				C9278AAE1DE31362009CE846 /* Sources */,
				C9278AAF1DE31362009CE846 /* Frameworks */,
				C9278AB01DE31362009CE846 /* Resources */,
				C9278AD71DE32424009CE846 /* CopyFiles */,
			);
			buildRules = (
			);
			dependencies = (
				9098C17B1F6FE89700026404 /* PBXTargetDependency */,
			);
			name = TableViewExample;
			productName = TableViewExample;
			productReference = C9278AB21DE31362009CE846 /* TableViewExample.app */;
			productType = "com.apple.product-type.application";
		};
/* End PBXNativeTarget section */

/* Begin PBXProject section */
		C9278AAA1DE31361009CE846 /* Project object */ = {
			isa = PBXProject;
			attributes = {
				LastSwiftUpdateCheck = 0800;
				LastUpgradeCheck = 0900;
				ORGANIZATIONNAME = wokalski;
				TargetAttributes = {
					C9278AB11DE31362009CE846 = {
						CreatedOnToolsVersion = 8.0;
						ProvisioningStyle = Automatic;
					};
				};
			};
			buildConfigurationList = C9278AAD1DE31361009CE846 /* Build configuration list for PBXProject "TableViewExample" */;
			compatibilityVersion = "Xcode 3.2";
			developmentRegion = English;
			hasScannedForEncodings = 0;
			knownRegions = (
				en,
				Base,
			);
			mainGroup = C9278AA91DE31361009CE846;
			productRefGroup = C9278AB31DE31362009CE846 /* Products */;
			projectDirPath = "";
			projectReferences = (
				{
					ProductGroup = 9098C16D1F6FE88500026404 /* Products */;
					ProjectRef = C9278AC91DE323F6009CE846 /* Differ.xcodeproj */;
				},
			);
			projectRoot = "";
			targets = (
				C9278AB11DE31362009CE846 /* TableViewExample */,
			);
		};
/* End PBXProject section */

/* Begin PBXReferenceProxy section */
		9098C1721F6FE88500026404 /* Differ.framework */ = {
			isa = PBXReferenceProxy;
			fileType = wrapper.framework;
			path = Differ.framework;
			remoteRef = 9098C1711F6FE88500026404 /* PBXContainerItemProxy */;
			sourceTree = BUILT_PRODUCTS_DIR;
		};
		9098C1741F6FE88500026404 /* DifferTests.xctest */ = {
			isa = PBXReferenceProxy;
			fileType = wrapper.cfbundle;
			path = DifferTests.xctest;
			remoteRef = 9098C1731F6FE88500026404 /* PBXContainerItemProxy */;
			sourceTree = BUILT_PRODUCTS_DIR;
		};
/* End PBXReferenceProxy section */

/* Begin PBXResourcesBuildPhase section */
		C9278AB01DE31362009CE846 /* Resources */ = {
			isa = PBXResourcesBuildPhase;
			buildActionMask = 2147483647;
			files = (
				C9278AC21DE31362009CE846 /* LaunchScreen.storyboard in Resources */,
				C9278ABF1DE31362009CE846 /* Assets.xcassets in Resources */,
				C9278ABD1DE31362009CE846 /* Main.storyboard in Resources */,
			);
			runOnlyForDeploymentPostprocessing = 0;
		};
/* End PBXResourcesBuildPhase section */

/* Begin PBXSourcesBuildPhase section */
		C9278AAE1DE31362009CE846 /* Sources */ = {
			isa = PBXSourcesBuildPhase;
			buildActionMask = 2147483647;
			files = (
				C93448FF1E195C570035E956 /* NestedTableViewController.swift in Sources */,
				C9278AB81DE31362009CE846 /* TableViewController.swift in Sources */,
				C9278AB61DE31362009CE846 /* AppDelegate.swift in Sources */,
			);
			runOnlyForDeploymentPostprocessing = 0;
		};
/* End PBXSourcesBuildPhase section */

/* Begin PBXTargetDependency section */
		9098C17B1F6FE89700026404 /* PBXTargetDependency */ = {
			isa = PBXTargetDependency;
			name = Differ;
			targetProxy = 9098C17A1F6FE89700026404 /* PBXContainerItemProxy */;
		};
/* End PBXTargetDependency section */

/* Begin PBXVariantGroup section */
		C9278ABB1DE31362009CE846 /* Main.storyboard */ = {
			isa = PBXVariantGroup;
			children = (
				C9278ABC1DE31362009CE846 /* Base */,
			);
			name = Main.storyboard;
			sourceTree = "<group>";
		};
		C9278AC01DE31362009CE846 /* LaunchScreen.storyboard */ = {
			isa = PBXVariantGroup;
			children = (
				C9278AC11DE31362009CE846 /* Base */,
			);
			name = LaunchScreen.storyboard;
			sourceTree = "<group>";
		};
/* End PBXVariantGroup section */

/* Begin XCBuildConfiguration section */
		C9278AC41DE31362009CE846 /* Debug */ = {
			isa = XCBuildConfiguration;
			buildSettings = {
				ALWAYS_SEARCH_USER_PATHS = NO;
				CLANG_ANALYZER_NONNULL = YES;
				CLANG_CXX_LANGUAGE_STANDARD = "gnu++0x";
				CLANG_CXX_LIBRARY = "libc++";
				CLANG_ENABLE_MODULES = YES;
				CLANG_ENABLE_OBJC_ARC = YES;
				CLANG_WARN_BLOCK_CAPTURE_AUTORELEASING = YES;
				CLANG_WARN_BOOL_CONVERSION = YES;
				CLANG_WARN_COMMA = YES;
				CLANG_WARN_CONSTANT_CONVERSION = YES;
				CLANG_WARN_DIRECT_OBJC_ISA_USAGE = YES_ERROR;
				CLANG_WARN_DOCUMENTATION_COMMENTS = YES;
				CLANG_WARN_EMPTY_BODY = YES;
				CLANG_WARN_ENUM_CONVERSION = YES;
				CLANG_WARN_INFINITE_RECURSION = YES;
				CLANG_WARN_INT_CONVERSION = YES;
				CLANG_WARN_NON_LITERAL_NULL_CONVERSION = YES;
				CLANG_WARN_OBJC_LITERAL_CONVERSION = YES;
				CLANG_WARN_OBJC_ROOT_CLASS = YES_ERROR;
				CLANG_WARN_RANGE_LOOP_ANALYSIS = YES;
				CLANG_WARN_STRICT_PROTOTYPES = YES;
				CLANG_WARN_SUSPICIOUS_MOVE = YES;
				CLANG_WARN_SUSPICIOUS_MOVES = YES;
				CLANG_WARN_UNREACHABLE_CODE = YES;
				CLANG_WARN__DUPLICATE_METHOD_MATCH = YES;
				"CODE_SIGN_IDENTITY[sdk=iphoneos*]" = "iPhone Developer";
				COPY_PHASE_STRIP = NO;
				DEBUG_INFORMATION_FORMAT = dwarf;
				ENABLE_STRICT_OBJC_MSGSEND = YES;
				ENABLE_TESTABILITY = YES;
				GCC_C_LANGUAGE_STANDARD = gnu99;
				GCC_DYNAMIC_NO_PIC = NO;
				GCC_NO_COMMON_BLOCKS = YES;
				GCC_OPTIMIZATION_LEVEL = 0;
				GCC_PREPROCESSOR_DEFINITIONS = (
					"DEBUG=1",
					"$(inherited)",
				);
				GCC_WARN_64_TO_32_BIT_CONVERSION = YES;
				GCC_WARN_ABOUT_RETURN_TYPE = YES_ERROR;
				GCC_WARN_UNDECLARED_SELECTOR = YES;
				GCC_WARN_UNINITIALIZED_AUTOS = YES_AGGRESSIVE;
				GCC_WARN_UNUSED_FUNCTION = YES;
				GCC_WARN_UNUSED_VARIABLE = YES;
				IPHONEOS_DEPLOYMENT_TARGET = 10.0;
				ONLY_ACTIVE_ARCH = YES;
				PRODUCT_BUNDLE_IDENTIFIER = "com.tonyarnold.$(TARGET_NAME:c99-identifier)";
				PRODUCT_NAME = "$(TARGET_NAME)";
				SDKROOT = iphoneos;
				SWIFT_ACTIVE_COMPILATION_CONDITIONS = DEBUG;
				SWIFT_OPTIMIZATION_LEVEL = "-Onone";
				SWIFT_VERSION = 4.0;
			};
			name = Debug;
		};
		C9278AC51DE31362009CE846 /* Release */ = {
			isa = XCBuildConfiguration;
			buildSettings = {
				ALWAYS_SEARCH_USER_PATHS = NO;
				CLANG_ANALYZER_NONNULL = YES;
				CLANG_CXX_LANGUAGE_STANDARD = "gnu++0x";
				CLANG_CXX_LIBRARY = "libc++";
				CLANG_ENABLE_MODULES = YES;
				CLANG_ENABLE_OBJC_ARC = YES;
				CLANG_WARN_BLOCK_CAPTURE_AUTORELEASING = YES;
				CLANG_WARN_BOOL_CONVERSION = YES;
				CLANG_WARN_COMMA = YES;
				CLANG_WARN_CONSTANT_CONVERSION = YES;
				CLANG_WARN_DIRECT_OBJC_ISA_USAGE = YES_ERROR;
				CLANG_WARN_DOCUMENTATION_COMMENTS = YES;
				CLANG_WARN_EMPTY_BODY = YES;
				CLANG_WARN_ENUM_CONVERSION = YES;
				CLANG_WARN_INFINITE_RECURSION = YES;
				CLANG_WARN_INT_CONVERSION = YES;
				CLANG_WARN_NON_LITERAL_NULL_CONVERSION = YES;
				CLANG_WARN_OBJC_LITERAL_CONVERSION = YES;
				CLANG_WARN_OBJC_ROOT_CLASS = YES_ERROR;
				CLANG_WARN_RANGE_LOOP_ANALYSIS = YES;
				CLANG_WARN_STRICT_PROTOTYPES = YES;
				CLANG_WARN_SUSPICIOUS_MOVE = YES;
				CLANG_WARN_SUSPICIOUS_MOVES = YES;
				CLANG_WARN_UNREACHABLE_CODE = YES;
				CLANG_WARN__DUPLICATE_METHOD_MATCH = YES;
				"CODE_SIGN_IDENTITY[sdk=iphoneos*]" = "iPhone Developer";
				COPY_PHASE_STRIP = NO;
				DEBUG_INFORMATION_FORMAT = "dwarf-with-dsym";
				ENABLE_NS_ASSERTIONS = NO;
				ENABLE_STRICT_OBJC_MSGSEND = YES;
				GCC_C_LANGUAGE_STANDARD = gnu99;
				GCC_NO_COMMON_BLOCKS = YES;
				GCC_WARN_64_TO_32_BIT_CONVERSION = YES;
				GCC_WARN_ABOUT_RETURN_TYPE = YES_ERROR;
				GCC_WARN_UNDECLARED_SELECTOR = YES;
				GCC_WARN_UNINITIALIZED_AUTOS = YES_AGGRESSIVE;
				GCC_WARN_UNUSED_FUNCTION = YES;
				GCC_WARN_UNUSED_VARIABLE = YES;
				IPHONEOS_DEPLOYMENT_TARGET = 10.0;
				PRODUCT_BUNDLE_IDENTIFIER = "com.tonyarnold.$(TARGET_NAME:c99-identifier)";
				PRODUCT_NAME = "$(TARGET_NAME)";
				SDKROOT = iphoneos;
				SWIFT_OPTIMIZATION_LEVEL = "-Owholemodule";
				SWIFT_VERSION = 4.0;
				VALIDATE_PRODUCT = YES;
			};
			name = Release;
		};
		C9278AC71DE31362009CE846 /* Debug */ = {
			isa = XCBuildConfiguration;
			buildSettings = {
				ALWAYS_EMBED_SWIFT_STANDARD_LIBRARIES = YES;
				ASSETCATALOG_COMPILER_APPICON_NAME = AppIcon;
				DEVELOPMENT_TEAM = "";
				INFOPLIST_FILE = TableViewExample/Info.plist;
				LD_RUNPATH_SEARCH_PATHS = "$(inherited) @executable_path/Frameworks";
			};
			name = Debug;
		};
		C9278AC81DE31362009CE846 /* Release */ = {
			isa = XCBuildConfiguration;
			buildSettings = {
				ALWAYS_EMBED_SWIFT_STANDARD_LIBRARIES = YES;
				ASSETCATALOG_COMPILER_APPICON_NAME = AppIcon;
				DEVELOPMENT_TEAM = "";
				INFOPLIST_FILE = TableViewExample/Info.plist;
				LD_RUNPATH_SEARCH_PATHS = "$(inherited) @executable_path/Frameworks";
			};
			name = Release;
		};
/* End XCBuildConfiguration section */

/* Begin XCConfigurationList section */
		C9278AAD1DE31361009CE846 /* Build configuration list for PBXProject "TableViewExample" */ = {
			isa = XCConfigurationList;
			buildConfigurations = (
				C9278AC41DE31362009CE846 /* Debug */,
				C9278AC51DE31362009CE846 /* Release */,
			);
			defaultConfigurationIsVisible = 0;
			defaultConfigurationName = Release;
		};
		C9278AC61DE31362009CE846 /* Build configuration list for PBXNativeTarget "TableViewExample" */ = {
			isa = XCConfigurationList;
			buildConfigurations = (
				C9278AC71DE31362009CE846 /* Debug */,
				C9278AC81DE31362009CE846 /* Release */,
			);
			defaultConfigurationIsVisible = 0;
			defaultConfigurationName = Release;
		};
/* End XCConfigurationList section */
	};
	rootObject = C9278AAA1DE31361009CE846 /* Project object */;
}
